// !$*UTF8*$!
{
	archiveVersion = 1;
	classes = {
	};
	objectVersion = 56;
	objects = {

/* Begin PBXBuildFile section */
		AC19AFE32A08495D007B3809 /* SaleView.swift in Sources */ = {isa = PBXBuildFile; fileRef = AC19AFE22A08495D007B3809 /* SaleView.swift */; };
		AC19AFE72A085057007B3809 /* SaleObject.swift in Sources */ = {isa = PBXBuildFile; fileRef = AC19AFE62A085057007B3809 /* SaleObject.swift */; };
		AC19AFE92A086BF9007B3809 /* SaleDetails.swift in Sources */ = {isa = PBXBuildFile; fileRef = AC19AFE82A086BF9007B3809 /* SaleDetails.swift */; };
		AC19AFEB2A08B4DA007B3809 /* BarLocation.swift in Sources */ = {isa = PBXBuildFile; fileRef = AC19AFEA2A08B4DA007B3809 /* BarLocation.swift */; };
		AC19AFED2A08B8B9007B3809 /* BarList.swift in Sources */ = {isa = PBXBuildFile; fileRef = AC19AFEC2A08B8B9007B3809 /* BarList.swift */; };
		AC19AFEF2A08B8FA007B3809 /* BarView.swift in Sources */ = {isa = PBXBuildFile; fileRef = AC19AFEE2A08B8FA007B3809 /* BarView.swift */; };
		AC692C662A0809B400B1C3DF /* AppDelegate.swift in Sources */ = {isa = PBXBuildFile; fileRef = AC692C652A0809B400B1C3DF /* AppDelegate.swift */; };
		AC692C682A0809B400B1C3DF /* SceneDelegate.swift in Sources */ = {isa = PBXBuildFile; fileRef = AC692C672A0809B400B1C3DF /* SceneDelegate.swift */; };
		AC692C6A2A0809B400B1C3DF /* ViewController.swift in Sources */ = {isa = PBXBuildFile; fileRef = AC692C692A0809B400B1C3DF /* ViewController.swift */; };
		AC692C6D2A0809B400B1C3DF /* Main.storyboard in Resources */ = {isa = PBXBuildFile; fileRef = AC692C6B2A0809B400B1C3DF /* Main.storyboard */; };
		AC692C6F2A0809B700B1C3DF /* Assets.xcassets in Resources */ = {isa = PBXBuildFile; fileRef = AC692C6E2A0809B700B1C3DF /* Assets.xcassets */; };
		AC692C722A0809B700B1C3DF /* LaunchScreen.storyboard in Resources */ = {isa = PBXBuildFile; fileRef = AC692C702A0809B700B1C3DF /* LaunchScreen.storyboard */; };
		AC692C7A2A080D2000B1C3DF /* SignUpViewController.swift in Sources */ = {isa = PBXBuildFile; fileRef = AC692C792A080D2000B1C3DF /* SignUpViewController.swift */; };
		AC692C7C2A081B9A00B1C3DF /* LogInViewController.swift in Sources */ = {isa = PBXBuildFile; fileRef = AC692C7B2A081B9900B1C3DF /* LogInViewController.swift */; };
		AC692C7E2A0827B900B1C3DF /* HomeScreen.swift in Sources */ = {isa = PBXBuildFile; fileRef = AC692C7D2A0827B900B1C3DF /* HomeScreen.swift */; };
		AC692C802A08329200B1C3DF /* CardView.swift in Sources */ = {isa = PBXBuildFile; fileRef = AC692C7F2A08329200B1C3DF /* CardView.swift */; };
		ACB3B2C32A08D72E009514D3 /* BarLocationDetails.swift in Sources */ = {isa = PBXBuildFile; fileRef = ACB3B2C22A08D72E009514D3 /* BarLocationDetails.swift */; };
		ACB3B2C52A09017E009514D3 /* ContentView.swift in Sources */ = {isa = PBXBuildFile; fileRef = ACB3B2C42A09017E009514D3 /* ContentView.swift */; };
		ACB3B2C72A090477009514D3 /* CardViewDetails.swift in Sources */ = {isa = PBXBuildFile; fileRef = ACB3B2C62A090477009514D3 /* CardViewDetails.swift */; };
		ACB3B2C92A090F3F009514D3 /* GoogleService-Info.plist in Resources */ = {isa = PBXBuildFile; fileRef = ACB3B2C82A090F3F009514D3 /* GoogleService-Info.plist */; };
		ACB3B2D12A09119E009514D3 /* FirebaseAuth in Frameworks */ = {isa = PBXBuildFile; productRef = ACB3B2D02A09119E009514D3 /* FirebaseAuth */; };
		ACB3B2D32A09167A009514D3 /* HomeViewController.swift in Sources */ = {isa = PBXBuildFile; fileRef = ACB3B2D22A09167A009514D3 /* HomeViewController.swift */; };
/* End PBXBuildFile section */

/* Begin PBXFileReference section */
		AC19AFE22A08495D007B3809 /* SaleView.swift */ = {isa = PBXFileReference; lastKnownFileType = sourcecode.swift; path = SaleView.swift; sourceTree = "<group>"; };
		AC19AFE62A085057007B3809 /* SaleObject.swift */ = {isa = PBXFileReference; lastKnownFileType = sourcecode.swift; path = SaleObject.swift; sourceTree = "<group>"; };
		AC19AFE82A086BF9007B3809 /* SaleDetails.swift */ = {isa = PBXFileReference; lastKnownFileType = sourcecode.swift; path = SaleDetails.swift; sourceTree = "<group>"; };
		AC19AFEA2A08B4DA007B3809 /* BarLocation.swift */ = {isa = PBXFileReference; lastKnownFileType = sourcecode.swift; path = BarLocation.swift; sourceTree = "<group>"; };
		AC19AFEC2A08B8B9007B3809 /* BarList.swift */ = {isa = PBXFileReference; lastKnownFileType = sourcecode.swift; path = BarList.swift; sourceTree = "<group>"; };
		AC19AFEE2A08B8FA007B3809 /* BarView.swift */ = {isa = PBXFileReference; lastKnownFileType = sourcecode.swift; path = BarView.swift; sourceTree = "<group>"; };
		AC692C622A0809B400B1C3DF /* Coffee Bar.app */ = {isa = PBXFileReference; explicitFileType = wrapper.application; includeInIndex = 0; path = "Coffee Bar.app"; sourceTree = BUILT_PRODUCTS_DIR; };
		AC692C652A0809B400B1C3DF /* AppDelegate.swift */ = {isa = PBXFileReference; lastKnownFileType = sourcecode.swift; path = AppDelegate.swift; sourceTree = "<group>"; };
		AC692C672A0809B400B1C3DF /* SceneDelegate.swift */ = {isa = PBXFileReference; lastKnownFileType = sourcecode.swift; path = SceneDelegate.swift; sourceTree = "<group>"; };
		AC692C692A0809B400B1C3DF /* ViewController.swift */ = {isa = PBXFileReference; lastKnownFileType = sourcecode.swift; path = ViewController.swift; sourceTree = "<group>"; };
		AC692C6C2A0809B400B1C3DF /* Base */ = {isa = PBXFileReference; lastKnownFileType = file.storyboard; name = Base; path = Base.lproj/Main.storyboard; sourceTree = "<group>"; };
		AC692C6E2A0809B700B1C3DF /* Assets.xcassets */ = {isa = PBXFileReference; lastKnownFileType = folder.assetcatalog; path = Assets.xcassets; sourceTree = "<group>"; };
		AC692C712A0809B700B1C3DF /* Base */ = {isa = PBXFileReference; lastKnownFileType = file.storyboard; name = Base; path = Base.lproj/LaunchScreen.storyboard; sourceTree = "<group>"; };
		AC692C732A0809B700B1C3DF /* Info.plist */ = {isa = PBXFileReference; lastKnownFileType = text.plist.xml; path = Info.plist; sourceTree = "<group>"; };
		AC692C792A080D2000B1C3DF /* SignUpViewController.swift */ = {isa = PBXFileReference; lastKnownFileType = sourcecode.swift; path = SignUpViewController.swift; sourceTree = "<group>"; };
		AC692C7B2A081B9900B1C3DF /* LogInViewController.swift */ = {isa = PBXFileReference; lastKnownFileType = sourcecode.swift; path = LogInViewController.swift; sourceTree = "<group>"; };
		AC692C7D2A0827B900B1C3DF /* HomeScreen.swift */ = {isa = PBXFileReference; lastKnownFileType = sourcecode.swift; path = HomeScreen.swift; sourceTree = "<group>"; };
		AC692C7F2A08329200B1C3DF /* CardView.swift */ = {isa = PBXFileReference; lastKnownFileType = sourcecode.swift; path = CardView.swift; sourceTree = "<group>"; };
		ACB3B2C22A08D72E009514D3 /* BarLocationDetails.swift */ = {isa = PBXFileReference; lastKnownFileType = sourcecode.swift; path = BarLocationDetails.swift; sourceTree = "<group>"; };
		ACB3B2C42A09017E009514D3 /* ContentView.swift */ = {isa = PBXFileReference; lastKnownFileType = sourcecode.swift; path = ContentView.swift; sourceTree = "<group>"; };
		ACB3B2C62A090477009514D3 /* CardViewDetails.swift */ = {isa = PBXFileReference; lastKnownFileType = sourcecode.swift; path = CardViewDetails.swift; sourceTree = "<group>"; };
		ACB3B2C82A090F3F009514D3 /* GoogleService-Info.plist */ = {isa = PBXFileReference; fileEncoding = 4; lastKnownFileType = text.plist.xml; name = "GoogleService-Info.plist"; path = "../../../Downloads/GoogleService-Info.plist"; sourceTree = "<group>"; };
		ACB3B2D22A09167A009514D3 /* HomeViewController.swift */ = {isa = PBXFileReference; lastKnownFileType = sourcecode.swift; path = HomeViewController.swift; sourceTree = "<group>"; };
/* End PBXFileReference section */

/* Begin PBXFrameworksBuildPhase section */
		AC692C5F2A0809B400B1C3DF /* Frameworks */ = {
			isa = PBXFrameworksBuildPhase;
			buildActionMask = 2147483647;
			files = (
				ACB3B2D12A09119E009514D3 /* FirebaseAuth in Frameworks */,
			);
			runOnlyForDeploymentPostprocessing = 0;
		};
/* End PBXFrameworksBuildPhase section */

/* Begin PBXGroup section */
		AC692C592A0809B400B1C3DF = {
			isa = PBXGroup;
			children = (
				AC692C642A0809B400B1C3DF /* Coffee Bar */,
				AC692C632A0809B400B1C3DF /* Products */,
				ACB3B2CF2A09119E009514D3 /* Frameworks */,
			);
			sourceTree = "<group>";
		};
		AC692C632A0809B400B1C3DF /* Products */ = {
			isa = PBXGroup;
			children = (
				AC692C622A0809B400B1C3DF /* Coffee Bar.app */,
			);
			name = Products;
			sourceTree = "<group>";
		};
		AC692C642A0809B400B1C3DF /* Coffee Bar */ = {
			isa = PBXGroup;
			children = (
				AC692C812A0832A200B1C3DF /* SwiftUI */,
				AC692C652A0809B400B1C3DF /* AppDelegate.swift */,
				AC692C672A0809B400B1C3DF /* SceneDelegate.swift */,
				AC692C692A0809B400B1C3DF /* ViewController.swift */,
				AC692C792A080D2000B1C3DF /* SignUpViewController.swift */,
				AC692C6B2A0809B400B1C3DF /* Main.storyboard */,
				ACB3B2D22A09167A009514D3 /* HomeViewController.swift */,
				AC692C7B2A081B9900B1C3DF /* LogInViewController.swift */,
				AC692C6E2A0809B700B1C3DF /* Assets.xcassets */,
				AC692C702A0809B700B1C3DF /* LaunchScreen.storyboard */,
				AC692C732A0809B700B1C3DF /* Info.plist */,
				ACB3B2C82A090F3F009514D3 /* GoogleService-Info.plist */,
			);
			path = "Coffee Bar";
			sourceTree = "<group>";
		};
		AC692C812A0832A200B1C3DF /* SwiftUI */ = {
			isa = PBXGroup;
			children = (
				AC692C7D2A0827B900B1C3DF /* HomeScreen.swift */,
				AC19AFEA2A08B4DA007B3809 /* BarLocation.swift */,
				ACB3B2C22A08D72E009514D3 /* BarLocationDetails.swift */,
				AC19AFEC2A08B8B9007B3809 /* BarList.swift */,
				ACB3B2C42A09017E009514D3 /* ContentView.swift */,
				ACB3B2C62A090477009514D3 /* CardViewDetails.swift */,
				AC19AFEE2A08B8FA007B3809 /* BarView.swift */,
				AC19AFE22A08495D007B3809 /* SaleView.swift */,
				AC19AFE62A085057007B3809 /* SaleObject.swift */,
				AC692C7F2A08329200B1C3DF /* CardView.swift */,
				AC19AFE82A086BF9007B3809 /* SaleDetails.swift */,
			);
			path = SwiftUI;
			sourceTree = "<group>";
		};
		ACB3B2CF2A09119E009514D3 /* Frameworks */ = {
			isa = PBXGroup;
			children = (
			);
			name = Frameworks;
			sourceTree = "<group>";
		};
/* End PBXGroup section */

/* Begin PBXNativeTarget section */
		AC692C612A0809B400B1C3DF /* Coffee Bar */ = {
			isa = PBXNativeTarget;
			buildConfigurationList = AC692C762A0809B700B1C3DF /* Build configuration list for PBXNativeTarget "Coffee Bar" */;
			buildPhases = (
				AC692C5E2A0809B400B1C3DF /* Sources */,
				AC692C5F2A0809B400B1C3DF /* Frameworks */,
				AC692C602A0809B400B1C3DF /* Resources */,
			);
			buildRules = (
			);
			dependencies = (
			);
			name = "Coffee Bar";
			packageProductDependencies = (
				ACB3B2D02A09119E009514D3 /* FirebaseAuth */,
			);
			productName = "Coffee Bar";
			productReference = AC692C622A0809B400B1C3DF /* Coffee Bar.app */;
			productType = "com.apple.product-type.application";
		};
/* End PBXNativeTarget section */

/* Begin PBXProject section */
		AC692C5A2A0809B400B1C3DF /* Project object */ = {
			isa = PBXProject;
			attributes = {
				BuildIndependentTargetsInParallel = 1;
				LastSwiftUpdateCheck = 1420;
				LastUpgradeCheck = 1420;
				TargetAttributes = {
					AC692C612A0809B400B1C3DF = {
						CreatedOnToolsVersion = 14.2;
					};
				};
			};
			buildConfigurationList = AC692C5D2A0809B400B1C3DF /* Build configuration list for PBXProject "Coffee Bar" */;
			compatibilityVersion = "Xcode 14.0";
			developmentRegion = en;
			hasScannedForEncodings = 0;
			knownRegions = (
				en,
				Base,
			);
			mainGroup = AC692C592A0809B400B1C3DF;
			packageReferences = (
				ACB3B2CA2A091001009514D3 /* XCRemoteSwiftPackageReference "firebase-ios-sdk" */,
			);
			productRefGroup = AC692C632A0809B400B1C3DF /* Products */;
			projectDirPath = "";
			projectRoot = "";
			targets = (
				AC692C612A0809B400B1C3DF /* Coffee Bar */,
			);
		};
/* End PBXProject section */

/* Begin PBXResourcesBuildPhase section */
		AC692C602A0809B400B1C3DF /* Resources */ = {
			isa = PBXResourcesBuildPhase;
			buildActionMask = 2147483647;
			files = (
				AC692C722A0809B700B1C3DF /* LaunchScreen.storyboard in Resources */,
				ACB3B2C92A090F3F009514D3 /* GoogleService-Info.plist in Resources */,
				AC692C6F2A0809B700B1C3DF /* Assets.xcassets in Resources */,
				AC692C6D2A0809B400B1C3DF /* Main.storyboard in Resources */,
			);
			runOnlyForDeploymentPostprocessing = 0;
		};
/* End PBXResourcesBuildPhase section */

/* Begin PBXSourcesBuildPhase section */
		AC692C5E2A0809B400B1C3DF /* Sources */ = {
			isa = PBXSourcesBuildPhase;
			buildActionMask = 2147483647;
			files = (
				AC692C802A08329200B1C3DF /* CardView.swift in Sources */,
				AC19AFED2A08B8B9007B3809 /* BarList.swift in Sources */,
				AC19AFE32A08495D007B3809 /* SaleView.swift in Sources */,
				ACB3B2D32A09167A009514D3 /* HomeViewController.swift in Sources */,
				AC692C6A2A0809B400B1C3DF /* ViewController.swift in Sources */,
				AC19AFEB2A08B4DA007B3809 /* BarLocation.swift in Sources */,
				AC19AFEF2A08B8FA007B3809 /* BarView.swift in Sources */,
				AC692C662A0809B400B1C3DF /* AppDelegate.swift in Sources */,
				ACB3B2C32A08D72E009514D3 /* BarLocationDetails.swift in Sources */,
				AC692C7E2A0827B900B1C3DF /* HomeScreen.swift in Sources */,
				AC19AFE92A086BF9007B3809 /* SaleDetails.swift in Sources */,
				AC692C7A2A080D2000B1C3DF /* SignUpViewController.swift in Sources */,
				ACB3B2C72A090477009514D3 /* CardViewDetails.swift in Sources */,
				ACB3B2C52A09017E009514D3 /* ContentView.swift in Sources */,
				AC19AFE72A085057007B3809 /* SaleObject.swift in Sources */,
				AC692C7C2A081B9A00B1C3DF /* LogInViewController.swift in Sources */,
				AC692C682A0809B400B1C3DF /* SceneDelegate.swift in Sources */,
			);
			runOnlyForDeploymentPostprocessing = 0;
		};
/* End PBXSourcesBuildPhase section */

/* Begin PBXVariantGroup section */
		AC692C6B2A0809B400B1C3DF /* Main.storyboard */ = {
			isa = PBXVariantGroup;
			children = (
				AC692C6C2A0809B400B1C3DF /* Base */,
			);
			name = Main.storyboard;
			sourceTree = "<group>";
		};
		AC692C702A0809B700B1C3DF /* LaunchScreen.storyboard */ = {
			isa = PBXVariantGroup;
			children = (
				AC692C712A0809B700B1C3DF /* Base */,
			);
			name = LaunchScreen.storyboard;
			sourceTree = "<group>";
		};
/* End PBXVariantGroup section */

/* Begin XCBuildConfiguration section */
		AC692C742A0809B700B1C3DF /* Debug */ = {
			isa = XCBuildConfiguration;
			buildSettings = {
				ALWAYS_SEARCH_USER_PATHS = NO;
				CLANG_ANALYZER_NONNULL = YES;
				CLANG_ANALYZER_NUMBER_OBJECT_CONVERSION = YES_AGGRESSIVE;
				CLANG_CXX_LANGUAGE_STANDARD = "gnu++20";
				CLANG_ENABLE_MODULES = YES;
				CLANG_ENABLE_OBJC_ARC = YES;
				CLANG_ENABLE_OBJC_WEAK = YES;
				CLANG_WARN_BLOCK_CAPTURE_AUTORELEASING = YES;
				CLANG_WARN_BOOL_CONVERSION = YES;
				CLANG_WARN_COMMA = YES;
				CLANG_WARN_CONSTANT_CONVERSION = YES;
				CLANG_WARN_DEPRECATED_OBJC_IMPLEMENTATIONS = YES;
				CLANG_WARN_DIRECT_OBJC_ISA_USAGE = YES_ERROR;
				CLANG_WARN_DOCUMENTATION_COMMENTS = YES;
				CLANG_WARN_EMPTY_BODY = YES;
				CLANG_WARN_ENUM_CONVERSION = YES;
				CLANG_WARN_INFINITE_RECURSION = YES;
				CLANG_WARN_INT_CONVERSION = YES;
				CLANG_WARN_NON_LITERAL_NULL_CONVERSION = YES;
				CLANG_WARN_OBJC_IMPLICIT_RETAIN_SELF = YES;
				CLANG_WARN_OBJC_LITERAL_CONVERSION = YES;
				CLANG_WARN_OBJC_ROOT_CLASS = YES_ERROR;
				CLANG_WARN_QUOTED_INCLUDE_IN_FRAMEWORK_HEADER = YES;
				CLANG_WARN_RANGE_LOOP_ANALYSIS = YES;
				CLANG_WARN_STRICT_PROTOTYPES = YES;
				CLANG_WARN_SUSPICIOUS_MOVE = YES;
				CLANG_WARN_UNGUARDED_AVAILABILITY = YES_AGGRESSIVE;
				CLANG_WARN_UNREACHABLE_CODE = YES;
				CLANG_WARN__DUPLICATE_METHOD_MATCH = YES;
				COPY_PHASE_STRIP = NO;
				DEBUG_INFORMATION_FORMAT = dwarf;
				ENABLE_STRICT_OBJC_MSGSEND = YES;
				ENABLE_TESTABILITY = YES;
				GCC_C_LANGUAGE_STANDARD = gnu11;
				GCC_DYNAMIC_NO_PIC = NO;
				GCC_NO_COMMON_BLOCKS = YES;
				GCC_OPTIMIZATION_LEVEL = 0;
				GCC_PREPROCESSOR_DEFINITIONS = (
					"DEBUG=1",
					"$(inherited)",
				);
				GCC_WARN_64_TO_32_BIT_CONVERSION = YES;
				GCC_WARN_ABOUT_RETURN_TYPE = YES_ERROR;
				GCC_WARN_UNDECLARED_SELECTOR = YES;
				GCC_WARN_UNINITIALIZED_AUTOS = YES_AGGRESSIVE;
				GCC_WARN_UNUSED_FUNCTION = YES;
				GCC_WARN_UNUSED_VARIABLE = YES;
				IPHONEOS_DEPLOYMENT_TARGET = 16.2;
				MTL_ENABLE_DEBUG_INFO = INCLUDE_SOURCE;
				MTL_FAST_MATH = YES;
				ONLY_ACTIVE_ARCH = YES;
				SDKROOT = iphoneos;
				SWIFT_ACTIVE_COMPILATION_CONDITIONS = DEBUG;
				SWIFT_OPTIMIZATION_LEVEL = "-Onone";
			};
			name = Debug;
		};
		AC692C752A0809B700B1C3DF /* Release */ = {
			isa = XCBuildConfiguration;
			buildSettings = {
				ALWAYS_SEARCH_USER_PATHS = NO;
				CLANG_ANALYZER_NONNULL = YES;
				CLANG_ANALYZER_NUMBER_OBJECT_CONVERSION = YES_AGGRESSIVE;
				CLANG_CXX_LANGUAGE_STANDARD = "gnu++20";
				CLANG_ENABLE_MODULES = YES;
				CLANG_ENABLE_OBJC_ARC = YES;
				CLANG_ENABLE_OBJC_WEAK = YES;
				CLANG_WARN_BLOCK_CAPTURE_AUTORELEASING = YES;
				CLANG_WARN_BOOL_CONVERSION = YES;
				CLANG_WARN_COMMA = YES;
				CLANG_WARN_CONSTANT_CONVERSION = YES;
				CLANG_WARN_DEPRECATED_OBJC_IMPLEMENTATIONS = YES;
				CLANG_WARN_DIRECT_OBJC_ISA_USAGE = YES_ERROR;
				CLANG_WARN_DOCUMENTATION_COMMENTS = YES;
				CLANG_WARN_EMPTY_BODY = YES;
				CLANG_WARN_ENUM_CONVERSION = YES;
				CLANG_WARN_INFINITE_RECURSION = YES;
				CLANG_WARN_INT_CONVERSION = YES;
				CLANG_WARN_NON_LITERAL_NULL_CONVERSION = YES;
				CLANG_WARN_OBJC_IMPLICIT_RETAIN_SELF = YES;
				CLANG_WARN_OBJC_LITERAL_CONVERSION = YES;
				CLANG_WARN_OBJC_ROOT_CLASS = YES_ERROR;
				CLANG_WARN_QUOTED_INCLUDE_IN_FRAMEWORK_HEADER = YES;
				CLANG_WARN_RANGE_LOOP_ANALYSIS = YES;
				CLANG_WARN_STRICT_PROTOTYPES = YES;
				CLANG_WARN_SUSPICIOUS_MOVE = YES;
				CLANG_WARN_UNGUARDED_AVAILABILITY = YES_AGGRESSIVE;
				CLANG_WARN_UNREACHABLE_CODE = YES;
				CLANG_WARN__DUPLICATE_METHOD_MATCH = YES;
				COPY_PHASE_STRIP = NO;
				DEBUG_INFORMATION_FORMAT = "dwarf-with-dsym";
				ENABLE_NS_ASSERTIONS = NO;
				ENABLE_STRICT_OBJC_MSGSEND = YES;
				GCC_C_LANGUAGE_STANDARD = gnu11;
				GCC_NO_COMMON_BLOCKS = YES;
				GCC_WARN_64_TO_32_BIT_CONVERSION = YES;
				GCC_WARN_ABOUT_RETURN_TYPE = YES_ERROR;
				GCC_WARN_UNDECLARED_SELECTOR = YES;
				GCC_WARN_UNINITIALIZED_AUTOS = YES_AGGRESSIVE;
				GCC_WARN_UNUSED_FUNCTION = YES;
				GCC_WARN_UNUSED_VARIABLE = YES;
				IPHONEOS_DEPLOYMENT_TARGET = 16.2;
				MTL_ENABLE_DEBUG_INFO = NO;
				MTL_FAST_MATH = YES;
				SDKROOT = iphoneos;
				SWIFT_COMPILATION_MODE = wholemodule;
				SWIFT_OPTIMIZATION_LEVEL = "-O";
				VALIDATE_PRODUCT = YES;
			};
			name = Release;
		};
		AC692C772A0809B700B1C3DF /* Debug */ = {
			isa = XCBuildConfiguration;
			buildSettings = {
				ASSETCATALOG_COMPILER_APPICON_NAME = AppIcon;
				ASSETCATALOG_COMPILER_GLOBAL_ACCENT_COLOR_NAME = AccentColor;
				CODE_SIGN_STYLE = Automatic;
				CURRENT_PROJECT_VERSION = 1;
				DEVELOPMENT_TEAM = MS6DHAD9S6;
				GENERATE_INFOPLIST_FILE = YES;
				INFOPLIST_FILE = "Coffee Bar/Info.plist";
				INFOPLIST_KEY_UIApplicationSupportsIndirectInputEvents = YES;
				INFOPLIST_KEY_UILaunchStoryboardName = LaunchScreen;
				INFOPLIST_KEY_UIMainStoryboardFile = Main;
				INFOPLIST_KEY_UIStatusBarHidden = NO;
				INFOPLIST_KEY_UISupportedInterfaceOrientations = UIInterfaceOrientationPortrait;
				INFOPLIST_KEY_UISupportedInterfaceOrientations_iPad = "UIInterfaceOrientationLandscapeLeft UIInterfaceOrientationLandscapeRight UIInterfaceOrientationPortrait UIInterfaceOrientationPortraitUpsideDown";
				LD_RUNPATH_SEARCH_PATHS = (
					"$(inherited)",
					"@executable_path/Frameworks",
				);
				MARKETING_VERSION = 1.0;
				PRODUCT_BUNDLE_IDENTIFIER = "com.ukma.edu.ua.levchenko.Coffee-Bar";
				PRODUCT_NAME = "$(TARGET_NAME)";
				SUPPORTED_PLATFORMS = "iphoneos iphonesimulator";
				SUPPORTS_MACCATALYST = NO;
				SUPPORTS_MAC_DESIGNED_FOR_IPHONE_IPAD = NO;
				SWIFT_EMIT_LOC_STRINGS = YES;
				SWIFT_VERSION = 5.0;
				TARGETED_DEVICE_FAMILY = 1;
			};
			name = Debug;
		};
		AC692C782A0809B700B1C3DF /* Release */ = {
			isa = XCBuildConfiguration;
			buildSettings = {
				ASSETCATALOG_COMPILER_APPICON_NAME = AppIcon;
				ASSETCATALOG_COMPILER_GLOBAL_ACCENT_COLOR_NAME = AccentColor;
				CODE_SIGN_STYLE = Automatic;
				CURRENT_PROJECT_VERSION = 1;
				DEVELOPMENT_TEAM = MS6DHAD9S6;
				GENERATE_INFOPLIST_FILE = YES;
				INFOPLIST_FILE = "Coffee Bar/Info.plist";
				INFOPLIST_KEY_UIApplicationSupportsIndirectInputEvents = YES;
				INFOPLIST_KEY_UILaunchStoryboardName = LaunchScreen;
				INFOPLIST_KEY_UIMainStoryboardFile = Main;
				INFOPLIST_KEY_UIStatusBarHidden = NO;
				INFOPLIST_KEY_UISupportedInterfaceOrientations = UIInterfaceOrientationPortrait;
				INFOPLIST_KEY_UISupportedInterfaceOrientations_iPad = "UIInterfaceOrientationLandscapeLeft UIInterfaceOrientationLandscapeRight UIInterfaceOrientationPortrait UIInterfaceOrientationPortraitUpsideDown";
				LD_RUNPATH_SEARCH_PATHS = (
					"$(inherited)",
					"@executable_path/Frameworks",
				);
				MARKETING_VERSION = 1.0;
				PRODUCT_BUNDLE_IDENTIFIER = "com.ukma.edu.ua.levchenko.Coffee-Bar";
				PRODUCT_NAME = "$(TARGET_NAME)";
				SUPPORTED_PLATFORMS = "iphoneos iphonesimulator";
				SUPPORTS_MACCATALYST = NO;
				SUPPORTS_MAC_DESIGNED_FOR_IPHONE_IPAD = NO;
				SWIFT_EMIT_LOC_STRINGS = YES;
				SWIFT_VERSION = 5.0;
				TARGETED_DEVICE_FAMILY = 1;
			};
			name = Release;
		};
/* End XCBuildConfiguration section */

/* Begin XCConfigurationList section */
		AC692C5D2A0809B400B1C3DF /* Build configuration list for PBXProject "Coffee Bar" */ = {
			isa = XCConfigurationList;
			buildConfigurations = (
				AC692C742A0809B700B1C3DF /* Debug */,
				AC692C752A0809B700B1C3DF /* Release */,
			);
			defaultConfigurationIsVisible = 0;
			defaultConfigurationName = Release;
		};
		AC692C762A0809B700B1C3DF /* Build configuration list for PBXNativeTarget "Coffee Bar" */ = {
			isa = XCConfigurationList;
			buildConfigurations = (
				AC692C772A0809B700B1C3DF /* Debug */,
				AC692C782A0809B700B1C3DF /* Release */,
			);
			defaultConfigurationIsVisible = 0;
			defaultConfigurationName = Release;
		};
/* End XCConfigurationList section */

/* Begin XCRemoteSwiftPackageReference section */
		ACB3B2CA2A091001009514D3 /* XCRemoteSwiftPackageReference "firebase-ios-sdk" */ = {
			isa = XCRemoteSwiftPackageReference;
			repositoryURL = "https://github.com/firebase/firebase-ios-sdk";
			requirement = {
				kind = upToNextMajorVersion;
				minimumVersion = 9.0.0;
			};
		};
/* End XCRemoteSwiftPackageReference section */

/* Begin XCSwiftPackageProductDependency section */
		ACB3B2D02A09119E009514D3 /* FirebaseAuth */ = {
			isa = XCSwiftPackageProductDependency;
			package = ACB3B2CA2A091001009514D3 /* XCRemoteSwiftPackageReference "firebase-ios-sdk" */;
			productName = FirebaseAuth;
		};
/* End XCSwiftPackageProductDependency section */
	};
	rootObject = AC692C5A2A0809B400B1C3DF /* Project object */;
}
